
Microsoft Visual Studio Solution File, Format Version 12.00
# Visual Studio 15
Project("{FAE04EC0-301F-11D3-BF4B-00C04F79EFBC}") = "HelloWorld", "HelloWorld\HelloWorld.csproj", "{0CA86DAF-A61D-4C82-99D5-E2778B689030}"
EndProject
Global
	GlobalSection(SolutionConfigurationPlatforms) = preSolution
		Debug|Any CPU = Debug|Any CPU
		Release|Any CPU = Release|Any CPU
	EndGlobalSection
	GlobalSection(ProjectConfigurationPlatforms) = postSolution
		{0CA86DAF-A61D-4C82-99D5-E2778B689030}.Debug|Any CPU.ActiveCfg = Debug|Any CPU
		{0CA86DAF-A61D-4C82-99D5-E2778B689030}.Debug|Any CPU.Build.0 = Debug|Any CPU
		{0CA86DAF-A61D-4C82-99D5-E2778B689030}.Release|Any CPU.ActiveCfg = Release|Any CPU
		{0CA86DAF-A61D-4C82-99D5-E2778B689030}.Release|Any CPU.Build.0 = Release|Any CPU
	EndGlobalSection
EndGlobal
